
Microsoft Visual Studio Solution File, Format Version 12.00
# Visual Studio Version 16
VisualStudioVersion = 16.0.29324.140
MinimumVisualStudioVersion = 10.0.40219.1
Project("{FAE04EC0-301F-11D3-BF4B-00C04F79EFBC}") = "IlmaAPI", "IlmaAPI\IlmaAPI.csproj", "{5D37B977-26A6-4E3F-AC13-834BE776070F}"
EndProject
Project("{2150E333-8FDC-42A3-9474-1A3956D46DE8}") = "Solution Items", "Solution Items", "{F6B4C343-DB09-479D-B273-C02EC2963DA7}"
	ProjectSection(SolutionItems) = preProject
		IlmaAPI\WeatherInfo\WeatherInfo.cs = IlmaAPI\WeatherInfo\WeatherInfo.cs
	EndProjectSection
EndProject
Global
	GlobalSection(SolutionConfigurationPlatforms) = preSolution
		Debug|Any CPU = Debug|Any CPU
		Release|Any CPU = Release|Any CPU
	EndGlobalSection
	GlobalSection(ProjectConfigurationPlatforms) = postSolution
		{5D37B977-26A6-4E3F-AC13-834BE776070F}.Debug|Any CPU.ActiveCfg = Debug|Any CPU
		{5D37B977-26A6-4E3F-AC13-834BE776070F}.Debug|Any CPU.Build.0 = Debug|Any CPU
		{5D37B977-26A6-4E3F-AC13-834BE776070F}.Release|Any CPU.ActiveCfg = Release|Any CPU
		{5D37B977-26A6-4E3F-AC13-834BE776070F}.Release|Any CPU.Build.0 = Release|Any CPU
	EndGlobalSection
	GlobalSection(SolutionProperties) = preSolution
		HideSolutionNode = FALSE
	EndGlobalSection
	GlobalSection(ExtensibilityGlobals) = postSolution
		SolutionGuid = {E259DDED-F9A1-4859-9CE4-BAF84E08958E}
	EndGlobalSection
EndGlobal
